
Microsoft Visual Studio Solution File, Format Version 12.00
# Visual Studio Version 17
VisualStudioVersion = 17.4.33213.308
MinimumVisualStudioVersion = 10.0.40219.1
Project("{2150E333-8FDC-42A3-9474-1A3956D46DE8}") = "src", "src", "{B8933D6F-09C9-435A-9F9E-AEC70D4A5888}"
EndProject
Project("{2150E333-8FDC-42A3-9474-1A3956D46DE8}") = "test", "test", "{C5DBBFC4-EC90-4C7D-9C03-F772BDBFB2EE}"
EndProject
Project("{2150E333-8FDC-42A3-9474-1A3956D46DE8}") = "API", "API", "{AEF60578-533F-475B-9FBE-11C16714B838}"
EndProject
Project("{2150E333-8FDC-42A3-9474-1A3956D46DE8}") = "Core", "Core", "{7202CB0C-5A58-41EA-A82D-DE5D4841D41C}"
EndProject
Project("{2150E333-8FDC-42A3-9474-1A3956D46DE8}") = "Infrastructure", "Infrastructure", "{467B60A7-B825-4A0D-A7A1-05D081CF6998}"
EndProject
Project("{9A19103F-16F7-4668-BE54-9A1E7A4F7556}") = "Screamer.WebApi", "Screamer.WebApi\Screamer.WebApi.csproj", "{AC6DA632-535A-4E60-9B5A-0C551A00BDF6}"
EndProject
Project("{9A19103F-16F7-4668-BE54-9A1E7A4F7556}") = "Screamer.Application", "Screamer.Application\Screamer.Application.csproj", "{C0C1BE8D-34B5-4180-86D5-70D893C5DF08}"
EndProject
Project("{9A19103F-16F7-4668-BE54-9A1E7A4F7556}") = "Screamer.Domain", "Screamer.Domain\Screamer.Domain.csproj", "{A8579968-7A8F-4366-9AFC-B66244A81502}"
EndProject
Project("{9A19103F-16F7-4668-BE54-9A1E7A4F7556}") = "Screamer.Infrastructure", "Screamer.Infrastructure\Screamer.Infrastructure.csproj", "{F4ED2139-BFA5-4A13-8BA2-0E45926E84F8}"
EndProject
Project("{9A19103F-16F7-4668-BE54-9A1E7A4F7556}") = "Screamer.Presistance", "Screamer.Presistance\Screamer.Presistance.csproj", "{3EA8C7BB-2B81-428C-8093-D0CDF24447E4}"
EndProject
Project("{9A19103F-16F7-4668-BE54-9A1E7A4F7556}") = "Screamer.Identity", "Screamer.Identity\Screamer.Identity.csproj", "{2BA35F2F-FFFB-4A53-9F22-94A1EF516138}"
EndProject
Project("{9A19103F-16F7-4668-BE54-9A1E7A4F7556}") = "Screamer.Application.UnitTest", "Screamer.Application.UnitTest\Screamer.Application.UnitTest.csproj", "{6B3C085D-E452-4A52-83CF-A71033447111}"
EndProject
Project("{9A19103F-16F7-4668-BE54-9A1E7A4F7556}") = "Screamer.Presistance.IntegrationTest", "Screamer.Presistance.IntegrationTest\Screamer.Presistance.IntegrationTest.csproj", "{31F80D21-AF95-479F-85E0-0DDF288E3643}"
EndProject
Global
	GlobalSection(SolutionConfigurationPlatforms) = preSolution
		Debug|Any CPU = Debug|Any CPU
		Release|Any CPU = Release|Any CPU
	EndGlobalSection
	GlobalSection(ProjectConfigurationPlatforms) = postSolution
		{AC6DA632-535A-4E60-9B5A-0C551A00BDF6}.Debug|Any CPU.ActiveCfg = Debug|Any CPU
		{AC6DA632-535A-4E60-9B5A-0C551A00BDF6}.Debug|Any CPU.Build.0 = Debug|Any CPU
		{AC6DA632-535A-4E60-9B5A-0C551A00BDF6}.Release|Any CPU.ActiveCfg = Release|Any CPU
		{AC6DA632-535A-4E60-9B5A-0C551A00BDF6}.Release|Any CPU.Build.0 = Release|Any CPU
		{C0C1BE8D-34B5-4180-86D5-70D893C5DF08}.Debug|Any CPU.ActiveCfg = Debug|Any CPU
		{C0C1BE8D-34B5-4180-86D5-70D893C5DF08}.Debug|Any CPU.Build.0 = Debug|Any CPU
		{C0C1BE8D-34B5-4180-86D5-70D893C5DF08}.Release|Any CPU.ActiveCfg = Release|Any CPU
		{C0C1BE8D-34B5-4180-86D5-70D893C5DF08}.Release|Any CPU.Build.0 = Release|Any CPU
		{A8579968-7A8F-4366-9AFC-B66244A81502}.Debug|Any CPU.ActiveCfg = Debug|Any CPU
		{A8579968-7A8F-4366-9AFC-B66244A81502}.Debug|Any CPU.Build.0 = Debug|Any CPU
		{A8579968-7A8F-4366-9AFC-B66244A81502}.Release|Any CPU.ActiveCfg = Release|Any CPU
		{A8579968-7A8F-4366-9AFC-B66244A81502}.Release|Any CPU.Build.0 = Release|Any CPU
		{F4ED2139-BFA5-4A13-8BA2-0E45926E84F8}.Debug|Any CPU.ActiveCfg = Debug|Any CPU
		{F4ED2139-BFA5-4A13-8BA2-0E45926E84F8}.Debug|Any CPU.Build.0 = Debug|Any CPU
		{F4ED2139-BFA5-4A13-8BA2-0E45926E84F8}.Release|Any CPU.ActiveCfg = Release|Any CPU
		{F4ED2139-BFA5-4A13-8BA2-0E45926E84F8}.Release|Any CPU.Build.0 = Release|Any CPU
		{3EA8C7BB-2B81-428C-8093-D0CDF24447E4}.Debug|Any CPU.ActiveCfg = Debug|Any CPU
		{3EA8C7BB-2B81-428C-8093-D0CDF24447E4}.Debug|Any CPU.Build.0 = Debug|Any CPU
		{3EA8C7BB-2B81-428C-8093-D0CDF24447E4}.Release|Any CPU.ActiveCfg = Release|Any CPU
		{3EA8C7BB-2B81-428C-8093-D0CDF24447E4}.Release|Any CPU.Build.0 = Release|Any CPU
		{2BA35F2F-FFFB-4A53-9F22-94A1EF516138}.Debug|Any CPU.ActiveCfg = Debug|Any CPU
		{2BA35F2F-FFFB-4A53-9F22-94A1EF516138}.Debug|Any CPU.Build.0 = Debug|Any CPU
		{2BA35F2F-FFFB-4A53-9F22-94A1EF516138}.Release|Any CPU.ActiveCfg = Release|Any CPU
		{2BA35F2F-FFFB-4A53-9F22-94A1EF516138}.Release|Any CPU.Build.0 = Release|Any CPU
		{6B3C085D-E452-4A52-83CF-A71033447111}.Debug|Any CPU.ActiveCfg = Debug|Any CPU
		{6B3C085D-E452-4A52-83CF-A71033447111}.Debug|Any CPU.Build.0 = Debug|Any CPU
		{6B3C085D-E452-4A52-83CF-A71033447111}.Release|Any CPU.ActiveCfg = Release|Any CPU
		{6B3C085D-E452-4A52-83CF-A71033447111}.Release|Any CPU.Build.0 = Release|Any CPU
		{31F80D21-AF95-479F-85E0-0DDF288E3643}.Debug|Any CPU.ActiveCfg = Debug|Any CPU
		{31F80D21-AF95-479F-85E0-0DDF288E3643}.Debug|Any CPU.Build.0 = Debug|Any CPU
		{31F80D21-AF95-479F-85E0-0DDF288E3643}.Release|Any CPU.ActiveCfg = Release|Any CPU
		{31F80D21-AF95-479F-85E0-0DDF288E3643}.Release|Any CPU.Build.0 = Release|Any CPU
	EndGlobalSection
	GlobalSection(SolutionProperties) = preSolution
		HideSolutionNode = FALSE
	EndGlobalSection
	GlobalSection(NestedProjects) = preSolution
		{AEF60578-533F-475B-9FBE-11C16714B838} = {B8933D6F-09C9-435A-9F9E-AEC70D4A5888}
		{7202CB0C-5A58-41EA-A82D-DE5D4841D41C} = {B8933D6F-09C9-435A-9F9E-AEC70D4A5888}
		{467B60A7-B825-4A0D-A7A1-05D081CF6998} = {B8933D6F-09C9-435A-9F9E-AEC70D4A5888}
		{AC6DA632-535A-4E60-9B5A-0C551A00BDF6} = {AEF60578-533F-475B-9FBE-11C16714B838}
		{C0C1BE8D-34B5-4180-86D5-70D893C5DF08} = {7202CB0C-5A58-41EA-A82D-DE5D4841D41C}
		{A8579968-7A8F-4366-9AFC-B66244A81502} = {7202CB0C-5A58-41EA-A82D-DE5D4841D41C}
		{F4ED2139-BFA5-4A13-8BA2-0E45926E84F8} = {467B60A7-B825-4A0D-A7A1-05D081CF6998}
		{3EA8C7BB-2B81-428C-8093-D0CDF24447E4} = {467B60A7-B825-4A0D-A7A1-05D081CF6998}
		{2BA35F2F-FFFB-4A53-9F22-94A1EF516138} = {467B60A7-B825-4A0D-A7A1-05D081CF6998}
		{6B3C085D-E452-4A52-83CF-A71033447111} = {C5DBBFC4-EC90-4C7D-9C03-F772BDBFB2EE}
		{31F80D21-AF95-479F-85E0-0DDF288E3643} = {C5DBBFC4-EC90-4C7D-9C03-F772BDBFB2EE}
	EndGlobalSection
	GlobalSection(ExtensibilityGlobals) = postSolution
		SolutionGuid = {8DBE0722-8E71-4DA3-9A87-CE88436B3234}
	EndGlobalSection
EndGlobal
